
Microsoft Visual Studio Solution File, Format Version 12.00
# Visual Studio Version 17
VisualStudioVersion = 17.9.34622.214
MinimumVisualStudioVersion = 10.0.40219.1
Project("{FAE04EC0-301F-11D3-BF4B-00C04F79EFBC}") = "UserAPI", "UserAPI\UserAPI.csproj", "{FF1C7D95-5725-45CA-A473-1436E30BBB58}"
EndProject
Project("{FAE04EC0-301F-11D3-BF4B-00C04F79EFBC}") = "DataAccess", "DataAccess\DataAccess.csproj", "{0A905246-9D27-48FF-ADAB-917E1A1066E0}"
EndProject
Project("{FAE04EC0-301F-11D3-BF4B-00C04F79EFBC}") = "BussinessObjects", "BussinessObjects\BussinessObjects.csproj", "{BB876537-4990-4291-881C-F1DB19E59C55}"
EndProject
Global
	GlobalSection(SolutionConfigurationPlatforms) = preSolution
		Debug|Any CPU = Debug|Any CPU
		Release|Any CPU = Release|Any CPU
	EndGlobalSection
	GlobalSection(ProjectConfigurationPlatforms) = postSolution
		{FF1C7D95-5725-45CA-A473-1436E30BBB58}.Debug|Any CPU.ActiveCfg = Debug|Any CPU
		{FF1C7D95-5725-45CA-A473-1436E30BBB58}.Debug|Any CPU.Build.0 = Debug|Any CPU
		{FF1C7D95-5725-45CA-A473-1436E30BBB58}.Release|Any CPU.ActiveCfg = Release|Any CPU
		{FF1C7D95-5725-45CA-A473-1436E30BBB58}.Release|Any CPU.Build.0 = Release|Any CPU
		{0A905246-9D27-48FF-ADAB-917E1A1066E0}.Debug|Any CPU.ActiveCfg = Debug|Any CPU
		{0A905246-9D27-48FF-ADAB-917E1A1066E0}.Debug|Any CPU.Build.0 = Debug|Any CPU
		{0A905246-9D27-48FF-ADAB-917E1A1066E0}.Release|Any CPU.ActiveCfg = Release|Any CPU
		{0A905246-9D27-48FF-ADAB-917E1A1066E0}.Release|Any CPU.Build.0 = Release|Any CPU
		{BB876537-4990-4291-881C-F1DB19E59C55}.Debug|Any CPU.ActiveCfg = Debug|Any CPU
		{BB876537-4990-4291-881C-F1DB19E59C55}.Debug|Any CPU.Build.0 = Debug|Any CPU
		{BB876537-4990-4291-881C-F1DB19E59C55}.Release|Any CPU.ActiveCfg = Release|Any CPU
		{BB876537-4990-4291-881C-F1DB19E59C55}.Release|Any CPU.Build.0 = Release|Any CPU
	EndGlobalSection
	GlobalSection(SolutionProperties) = preSolution
		HideSolutionNode = FALSE
	EndGlobalSection
	GlobalSection(ExtensibilityGlobals) = postSolution
		SolutionGuid = {BAAC3168-C2E7-45DE-A4D1-683532DEA624}
	EndGlobalSection
EndGlobal
